
Microsoft Visual Studio Solution File, Format Version 12.00
# Visual Studio Version 16
VisualStudioVersion = 16.0.31624.102
MinimumVisualStudioVersion = 10.0.40219.1
Project("{9A19103F-16F7-4668-BE54-9A1E7A4F7556}") = "Entidades", "Entidades\Entidades.csproj", "{8080F8A8-16ED-4125-904F-7255A277FF97}"
EndProject
Project("{9A19103F-16F7-4668-BE54-9A1E7A4F7556}") = "UI", "UI\UI.csproj", "{2A8024B5-7C64-4942-ADB0-3E221EBA7D67}"
EndProject
Global
	GlobalSection(SolutionConfigurationPlatforms) = preSolution
		Debug|Any CPU = Debug|Any CPU
		Release|Any CPU = Release|Any CPU
	EndGlobalSection
	GlobalSection(ProjectConfigurationPlatforms) = postSolution
		{8080F8A8-16ED-4125-904F-7255A277FF97}.Debug|Any CPU.ActiveCfg = Debug|Any CPU
		{8080F8A8-16ED-4125-904F-7255A277FF97}.Debug|Any CPU.Build.0 = Debug|Any CPU
		{8080F8A8-16ED-4125-904F-7255A277FF97}.Release|Any CPU.ActiveCfg = Release|Any CPU
		{8080F8A8-16ED-4125-904F-7255A277FF97}.Release|Any CPU.Build.0 = Release|Any CPU
		{2A8024B5-7C64-4942-ADB0-3E221EBA7D67}.Debug|Any CPU.ActiveCfg = Debug|Any CPU
		{2A8024B5-7C64-4942-ADB0-3E221EBA7D67}.Debug|Any CPU.Build.0 = Debug|Any CPU
		{2A8024B5-7C64-4942-ADB0-3E221EBA7D67}.Release|Any CPU.ActiveCfg = Release|Any CPU
		{2A8024B5-7C64-4942-ADB0-3E221EBA7D67}.Release|Any CPU.Build.0 = Release|Any CPU
	EndGlobalSection
	GlobalSection(SolutionProperties) = preSolution
		HideSolutionNode = FALSE
	EndGlobalSection
	GlobalSection(ExtensibilityGlobals) = postSolution
		SolutionGuid = {D749FEB8-6101-4724-BBF5-6EDE3CE47A38}
	EndGlobalSection
EndGlobal
